
Microsoft Visual Studio Solution File, Format Version 12.00
# Visual Studio Version 17
VisualStudioVersion = 17.6.33829.357
MinimumVisualStudioVersion = 10.0.40219.1
Project("{9A19103F-16F7-4668-BE54-9A1E7A4F7556}") = "Mustang.Map", "Mustang.Map\Mustang.Map.csproj", "{77A4A180-E122-40ED-A5F4-F2198BC1EABB}"
EndProject
Project("{9A19103F-16F7-4668-BE54-9A1E7A4F7556}") = "Mustang.DataAccess", "Mustang.DataAccess\Mustang.DataAccess.csproj", "{25DDE5EF-E5C8-403B-A964-727B7F23C2E8}"
EndProject
Project("{9A19103F-16F7-4668-BE54-9A1E7A4F7556}") = "Mustang.Demo", "Mustang.Demo\Mustang.Demo.csproj", "{1D493FDB-9908-470D-A254-D7A4502120FA}"
EndProject
Project("{2150E333-8FDC-42A3-9474-1A3956D46DE8}") = "DataAccess", "DataAccess", "{FE41A93E-F6AE-4AB1-A5C6-426BD8E491CE}"
EndProject
Project("{9A19103F-16F7-4668-BE54-9A1E7A4F7556}") = "Mustang.SqlBuilder", "Mustang.SqlBuilder\Mustang.SqlBuilder.csproj", "{9E5BF9FE-5F4D-4789-BF7C-A817BA535CCC}"
EndProject
Project("{2150E333-8FDC-42A3-9474-1A3956D46DE8}") = "Common", "Common", "{5B4A697E-B290-4E6C-9267-D659537A0111}"
EndProject
Project("{FAE04EC0-301F-11D3-BF4B-00C04F79EFBC}") = "Mustang.Common", "Mustang.Common\Mustang.Common.csproj", "{DBD7ADBB-AC79-4B47-AB08-CCB8C5F4F6BF}"
EndProject
Project("{FAE04EC0-301F-11D3-BF4B-00C04F79EFBC}") = "Mustang.Logger", "Mustang.Logger\Mustang.Logger.csproj", "{89E80418-8CB4-4A1F-9359-E069AA961442}"
EndProject
Global
	GlobalSection(SolutionConfigurationPlatforms) = preSolution
		Debug|Any CPU = Debug|Any CPU
		Release|Any CPU = Release|Any CPU
	EndGlobalSection
	GlobalSection(ProjectConfigurationPlatforms) = postSolution
		{77A4A180-E122-40ED-A5F4-F2198BC1EABB}.Debug|Any CPU.ActiveCfg = Debug|Any CPU
		{77A4A180-E122-40ED-A5F4-F2198BC1EABB}.Debug|Any CPU.Build.0 = Debug|Any CPU
		{77A4A180-E122-40ED-A5F4-F2198BC1EABB}.Release|Any CPU.ActiveCfg = Release|Any CPU
		{77A4A180-E122-40ED-A5F4-F2198BC1EABB}.Release|Any CPU.Build.0 = Release|Any CPU
		{25DDE5EF-E5C8-403B-A964-727B7F23C2E8}.Debug|Any CPU.ActiveCfg = Debug|Any CPU
		{25DDE5EF-E5C8-403B-A964-727B7F23C2E8}.Debug|Any CPU.Build.0 = Debug|Any CPU
		{25DDE5EF-E5C8-403B-A964-727B7F23C2E8}.Release|Any CPU.ActiveCfg = Release|Any CPU
		{25DDE5EF-E5C8-403B-A964-727B7F23C2E8}.Release|Any CPU.Build.0 = Release|Any CPU
		{1D493FDB-9908-470D-A254-D7A4502120FA}.Debug|Any CPU.ActiveCfg = Debug|Any CPU
		{1D493FDB-9908-470D-A254-D7A4502120FA}.Debug|Any CPU.Build.0 = Debug|Any CPU
		{1D493FDB-9908-470D-A254-D7A4502120FA}.Release|Any CPU.ActiveCfg = Release|Any CPU
		{1D493FDB-9908-470D-A254-D7A4502120FA}.Release|Any CPU.Build.0 = Release|Any CPU
		{9E5BF9FE-5F4D-4789-BF7C-A817BA535CCC}.Debug|Any CPU.ActiveCfg = Debug|Any CPU
		{9E5BF9FE-5F4D-4789-BF7C-A817BA535CCC}.Debug|Any CPU.Build.0 = Debug|Any CPU
		{9E5BF9FE-5F4D-4789-BF7C-A817BA535CCC}.Release|Any CPU.ActiveCfg = Release|Any CPU
		{9E5BF9FE-5F4D-4789-BF7C-A817BA535CCC}.Release|Any CPU.Build.0 = Release|Any CPU
		{DBD7ADBB-AC79-4B47-AB08-CCB8C5F4F6BF}.Debug|Any CPU.ActiveCfg = Debug|Any CPU
		{DBD7ADBB-AC79-4B47-AB08-CCB8C5F4F6BF}.Debug|Any CPU.Build.0 = Debug|Any CPU
		{DBD7ADBB-AC79-4B47-AB08-CCB8C5F4F6BF}.Release|Any CPU.ActiveCfg = Release|Any CPU
		{DBD7ADBB-AC79-4B47-AB08-CCB8C5F4F6BF}.Release|Any CPU.Build.0 = Release|Any CPU
		{89E80418-8CB4-4A1F-9359-E069AA961442}.Debug|Any CPU.ActiveCfg = Debug|Any CPU
		{89E80418-8CB4-4A1F-9359-E069AA961442}.Debug|Any CPU.Build.0 = Debug|Any CPU
		{89E80418-8CB4-4A1F-9359-E069AA961442}.Release|Any CPU.ActiveCfg = Release|Any CPU
		{89E80418-8CB4-4A1F-9359-E069AA961442}.Release|Any CPU.Build.0 = Release|Any CPU
	EndGlobalSection
	GlobalSection(SolutionProperties) = preSolution
		HideSolutionNode = FALSE
	EndGlobalSection
	GlobalSection(NestedProjects) = preSolution
		{77A4A180-E122-40ED-A5F4-F2198BC1EABB} = {FE41A93E-F6AE-4AB1-A5C6-426BD8E491CE}
		{25DDE5EF-E5C8-403B-A964-727B7F23C2E8} = {FE41A93E-F6AE-4AB1-A5C6-426BD8E491CE}
		{9E5BF9FE-5F4D-4789-BF7C-A817BA535CCC} = {FE41A93E-F6AE-4AB1-A5C6-426BD8E491CE}
		{DBD7ADBB-AC79-4B47-AB08-CCB8C5F4F6BF} = {5B4A697E-B290-4E6C-9267-D659537A0111}
		{89E80418-8CB4-4A1F-9359-E069AA961442} = {5B4A697E-B290-4E6C-9267-D659537A0111}
	EndGlobalSection
	GlobalSection(ExtensibilityGlobals) = postSolution
		SolutionGuid = {60C10A66-382F-45BE-9253-9BE4F8EC9970}
	EndGlobalSection
EndGlobal
